// !$*UTF8*$!
{
	archiveVersion = 1;
	classes = {
	};
	objectVersion = 77;
	objects = {

/* Begin PBXContainerItemProxy section */
		8FC6FE5B2EAAC42000BFA28E /* PBXContainerItemProxy */ = {
			isa = PBXContainerItemProxy;
			containerPortal = 8FC6FE3C2EAAC41F00BFA28E /* Project object */;
			proxyType = 1;
			remoteGlobalIDString = 8FC6FE432EAAC41F00BFA28E;
			remoteInfo = RandomizerApp;
		};
		8FC6FE652EAAC42000BFA28E /* PBXContainerItemProxy */ = {
			isa = PBXContainerItemProxy;
			containerPortal = 8FC6FE3C2EAAC41F00BFA28E /* Project object */;
			proxyType = 1;
			remoteGlobalIDString = 8FC6FE432EAAC41F00BFA28E;
			remoteInfo = RandomizerApp;
		};
/* End PBXContainerItemProxy section */

/* Begin PBXFileReference section */
		8FC6FE442EAAC41F00BFA28E /* RandomizerApp.app */ = {isa = PBXFileReference; explicitFileType = wrapper.application; includeInIndex = 0; path = RandomizerApp.app; sourceTree = BUILT_PRODUCTS_DIR; };
		8FC6FE5A2EAAC42000BFA28E /* RandomizerAppTests.xctest */ = {isa = PBXFileReference; explicitFileType = wrapper.cfbundle; includeInIndex = 0; path = RandomizerAppTests.xctest; sourceTree = BUILT_PRODUCTS_DIR; };
		8FC6FE642EAAC42000BFA28E /* RandomizerAppUITests.xctest */ = {isa = PBXFileReference; explicitFileType = wrapper.cfbundle; includeInIndex = 0; path = RandomizerAppUITests.xctest; sourceTree = BUILT_PRODUCTS_DIR; };
/* End PBXFileReference section */

/* Begin PBXFileSystemSynchronizedBuildFileExceptionSet section */
		8FC6FE6C2EAAC42000BFA28E /* Exceptions for "RandomizerApp" folder in "RandomizerApp" target */ = {
			isa = PBXFileSystemSynchronizedBuildFileExceptionSet;
			membershipExceptions = (
				Info.plist,
			);
			target = 8FC6FE432EAAC41F00BFA28E /* RandomizerApp */;
		};
/* End PBXFileSystemSynchronizedBuildFileExceptionSet section */

/* Begin PBXFileSystemSynchronizedRootGroup section */
		8FC6FE462EAAC41F00BFA28E /* RandomizerApp */ = {
			isa = PBXFileSystemSynchronizedRootGroup;
			exceptions = (
				8FC6FE6C2EAAC42000BFA28E /* Exceptions for "RandomizerApp" folder in "RandomizerApp" target */,
			);
			path = RandomizerApp;
			sourceTree = "<group>";
		};
		8FC6FE5D2EAAC42000BFA28E /* RandomizerAppTests */ = {
			isa = PBXFileSystemSynchronizedRootGroup;
			path = RandomizerAppTests;
			sourceTree = "<group>";
		};
		8FC6FE672EAAC42000BFA28E /* RandomizerAppUITests */ = {
			isa = PBXFileSystemSynchronizedRootGroup;
			path = RandomizerAppUITests;
			sourceTree = "<group>";
		};
/* End PBXFileSystemSynchronizedRootGroup section */

/* Begin PBXFrameworksBuildPhase section */
		8FC6FE412EAAC41F00BFA28E /* Frameworks */ = {
			isa = PBXFrameworksBuildPhase;
			buildActionMask = 2147483647;
			files = (
			);
			runOnlyForDeploymentPostprocessing = 0;
		};
		8FC6FE572EAAC42000BFA28E /* Frameworks */ = {
			isa = PBXFrameworksBuildPhase;
			buildActionMask = 2147483647;
			files = (
			);
			runOnlyForDeploymentPostprocessing = 0;
		};
		8FC6FE612EAAC42000BFA28E /* Frameworks */ = {
			isa = PBXFrameworksBuildPhase;
			buildActionMask = 2147483647;
			files = (
			);
			runOnlyForDeploymentPostprocessing = 0;
		};
/* End PBXFrameworksBuildPhase section */

/* Begin PBXGroup section */
		8FC6FE3B2EAAC41E00BFA28E = {
			isa = PBXGroup;
			children = (
				8FC6FE462EAAC41F00BFA28E /* RandomizerApp */,
				8FC6FE5D2EAAC42000BFA28E /* RandomizerAppTests */,
				8FC6FE672EAAC42000BFA28E /* RandomizerAppUITests */,
				8FC6FE452EAAC41F00BFA28E /* Products */,
			);
			sourceTree = "<group>";
		};
		8FC6FE452EAAC41F00BFA28E /* Products */ = {
			isa = PBXGroup;
			children = (
				8FC6FE442EAAC41F00BFA28E /* RandomizerApp.app */,
				8FC6FE5A2EAAC42000BFA28E /* RandomizerAppTests.xctest */,
				8FC6FE642EAAC42000BFA28E /* RandomizerAppUITests.xctest */,
			);
			name = Products;
			sourceTree = "<group>";
		};
/* End PBXGroup section */

/* Begin PBXNativeTarget section */
		8FC6FE432EAAC41F00BFA28E /* RandomizerApp */ = {
			isa = PBXNativeTarget;
			buildConfigurationList = 8FC6FE6D2EAAC42000BFA28E /* Build configuration list for PBXNativeTarget "RandomizerApp" */;
			buildPhases = (
				8FC6FE402EAAC41F00BFA28E /* Sources */,
				8FC6FE412EAAC41F00BFA28E /* Frameworks */,
				8FC6FE422EAAC41F00BFA28E /* Resources */,
			);
			buildRules = (
			);
			dependencies = (
			);
			fileSystemSynchronizedGroups = (
				8FC6FE462EAAC41F00BFA28E /* RandomizerApp */,
			);
			name = RandomizerApp;
			packageProductDependencies = (
			);
			productName = RandomizerApp;
			productReference = 8FC6FE442EAAC41F00BFA28E /* RandomizerApp.app */;
			productType = "com.apple.product-type.application";
		};
		8FC6FE592EAAC42000BFA28E /* RandomizerAppTests */ = {
			isa = PBXNativeTarget;
			buildConfigurationList = 8FC6FE722EAAC42000BFA28E /* Build configuration list for PBXNativeTarget "RandomizerAppTests" */;
			buildPhases = (
				8FC6FE562EAAC42000BFA28E /* Sources */,
				8FC6FE572EAAC42000BFA28E /* Frameworks */,
				8FC6FE582EAAC42000BFA28E /* Resources */,
			);
			buildRules = (
			);
			dependencies = (
				8FC6FE5C2EAAC42000BFA28E /* PBXTargetDependency */,
			);
			fileSystemSynchronizedGroups = (
				8FC6FE5D2EAAC42000BFA28E /* RandomizerAppTests */,
			);
			name = RandomizerAppTests;
			packageProductDependencies = (
			);
			productName = RandomizerAppTests;
			productReference = 8FC6FE5A2EAAC42000BFA28E /* RandomizerAppTests.xctest */;
			productType = "com.apple.product-type.bundle.unit-test";
		};
		8FC6FE632EAAC42000BFA28E /* RandomizerAppUITests */ = {
			isa = PBXNativeTarget;
			buildConfigurationList = 8FC6FE752EAAC42000BFA28E /* Build configuration list for PBXNativeTarget "RandomizerAppUITests" */;
			buildPhases = (
				8FC6FE602EAAC42000BFA28E /* Sources */,
				8FC6FE612EAAC42000BFA28E /* Frameworks */,
				8FC6FE622EAAC42000BFA28E /* Resources */,
			);
			buildRules = (
			);
			dependencies = (
				8FC6FE662EAAC42000BFA28E /* PBXTargetDependency */,
			);
			fileSystemSynchronizedGroups = (
				8FC6FE672EAAC42000BFA28E /* RandomizerAppUITests */,
			);
			name = RandomizerAppUITests;
			packageProductDependencies = (
			);
			productName = RandomizerAppUITests;
			productReference = 8FC6FE642EAAC42000BFA28E /* RandomizerAppUITests.xctest */;
			productType = "com.apple.product-type.bundle.ui-testing";
		};
/* End PBXNativeTarget section */

/* Begin PBXProject section */
		8FC6FE3C2EAAC41F00BFA28E /* Project object */ = {
			isa = PBXProject;
			attributes = {
				BuildIndependentTargetsInParallel = 1;
				LastSwiftUpdateCheck = 2600;
				LastUpgradeCheck = 2600;
				TargetAttributes = {
					8FC6FE432EAAC41F00BFA28E = {
						CreatedOnToolsVersion = 26.0.1;
					};
					8FC6FE592EAAC42000BFA28E = {
						CreatedOnToolsVersion = 26.0.1;
						TestTargetID = 8FC6FE432EAAC41F00BFA28E;
					};
					8FC6FE632EAAC42000BFA28E = {
						CreatedOnToolsVersion = 26.0.1;
						TestTargetID = 8FC6FE432EAAC41F00BFA28E;
					};
				};
			};
			buildConfigurationList = 8FC6FE3F2EAAC41F00BFA28E /* Build configuration list for PBXProject "RandomizerApp" */;
			developmentRegion = en;
			hasScannedForEncodings = 0;
			knownRegions = (
				en,
				Base,
			);
			mainGroup = 8FC6FE3B2EAAC41E00BFA28E;
			minimizedProjectReferenceProxies = 1;
			preferredProjectObjectVersion = 77;
			productRefGroup = 8FC6FE452EAAC41F00BFA28E /* Products */;
			projectDirPath = "";
			projectRoot = "";
			targets = (
				8FC6FE432EAAC41F00BFA28E /* RandomizerApp */,
				8FC6FE592EAAC42000BFA28E /* RandomizerAppTests */,
				8FC6FE632EAAC42000BFA28E /* RandomizerAppUITests */,
			);
		};
/* End PBXProject section */

/* Begin PBXResourcesBuildPhase section */
		8FC6FE422EAAC41F00BFA28E /* Resources */ = {
			isa = PBXResourcesBuildPhase;
			buildActionMask = 2147483647;
			files = (
			);
			runOnlyForDeploymentPostprocessing = 0;
		};
		8FC6FE582EAAC42000BFA28E /* Resources */ = {
			isa = PBXResourcesBuildPhase;
			buildActionMask = 2147483647;
			files = (
			);
			runOnlyForDeploymentPostprocessing = 0;
		};
		8FC6FE622EAAC42000BFA28E /* Resources */ = {
			isa = PBXResourcesBuildPhase;
			buildActionMask = 2147483647;
			files = (
			);
			runOnlyForDeploymentPostprocessing = 0;
		};
/* End PBXResourcesBuildPhase section */

/* Begin PBXSourcesBuildPhase section */
		8FC6FE402EAAC41F00BFA28E /* Sources */ = {
			isa = PBXSourcesBuildPhase;
			buildActionMask = 2147483647;
			files = (
			);
			runOnlyForDeploymentPostprocessing = 0;
		};
		8FC6FE562EAAC42000BFA28E /* Sources */ = {
			isa = PBXSourcesBuildPhase;
			buildActionMask = 2147483647;
			files = (
			);
			runOnlyForDeploymentPostprocessing = 0;
		};
		8FC6FE602EAAC42000BFA28E /* Sources */ = {
			isa = PBXSourcesBuildPhase;
			buildActionMask = 2147483647;
			files = (
			);
			runOnlyForDeploymentPostprocessing = 0;
		};
/* End PBXSourcesBuildPhase section */

/* Begin PBXTargetDependency section */
		8FC6FE5C2EAAC42000BFA28E /* PBXTargetDependency */ = {
			isa = PBXTargetDependency;
			target = 8FC6FE432EAAC41F00BFA28E /* RandomizerApp */;
			targetProxy = 8FC6FE5B2EAAC42000BFA28E /* PBXContainerItemProxy */;
		};
		8FC6FE662EAAC42000BFA28E /* PBXTargetDependency */ = {
			isa = PBXTargetDependency;
			target = 8FC6FE432EAAC41F00BFA28E /* RandomizerApp */;
			targetProxy = 8FC6FE652EAAC42000BFA28E /* PBXContainerItemProxy */;
		};
/* End PBXTargetDependency section */

/* Begin XCBuildConfiguration section */
		8FC6FE6E2EAAC42000BFA28E /* Debug */ = {
			isa = XCBuildConfiguration;
			buildSettings = {
				ASSETCATALOG_COMPILER_APPICON_NAME = AppIcon;
				ASSETCATALOG_COMPILER_GLOBAL_ACCENT_COLOR_NAME = AccentColor;
				CODE_SIGN_STYLE = Automatic;
				CURRENT_PROJECT_VERSION = 1;
				GENERATE_INFOPLIST_FILE = YES;
				INFOPLIST_FILE = RandomizerApp/Info.plist;
				INFOPLIST_KEY_UIApplicationSupportsIndirectInputEvents = YES;
				INFOPLIST_KEY_UILaunchStoryboardName = LaunchScreen;
				INFOPLIST_KEY_UIMainStoryboardFile = Main;
				INFOPLIST_KEY_UISupportedInterfaceOrientations_iPad = "UIInterfaceOrientationPortrait UIInterfaceOrientationPortraitUpsideDown UIInterfaceOrientationLandscapeLeft UIInterfaceOrientationLandscapeRight";
				INFOPLIST_KEY_UISupportedInterfaceOrientations_iPhone = "UIInterfaceOrientationPortrait UIInterfaceOrientationLandscapeLeft UIInterfaceOrientationLandscapeRight";
				LD_RUNPATH_SEARCH_PATHS = (
					"$(inherited)",
					"@executable_path/Frameworks",
				);
				MARKETING_VERSION = 1.0;
				PRODUCT_BUNDLE_IDENTIFIER = rizetap.RandomizerApp;
				PRODUCT_NAME = "$(TARGET_NAME)";
				STRING_CATALOG_GENERATE_SYMBOLS = YES;
				SWIFT_APPROACHABLE_CONCURRENCY = YES;
				SWIFT_DEFAULT_ACTOR_ISOLATION = MainActor;
				SWIFT_EMIT_LOC_STRINGS = YES;
				SWIFT_UPCOMING_FEATURE_MEMBER_IMPORT_VISIBILITY = YES;
				SWIFT_VERSION = 5.0;
				TARGETED_DEVICE_FAMILY = "1,2";
			};
			name = Debug;
		};
		8FC6FE6F2EAAC42000BFA28E /* Release */ = {
			isa = XCBuildConfiguration;
			buildSettings = {
				ASSETCATALOG_COMPILER_APPICON_NAME = AppIcon;
				ASSETCATALOG_COMPILER_GLOBAL_ACCENT_COLOR_NAME = AccentColor;
				CODE_SIGN_STYLE = Automatic;
				CURRENT_PROJECT_VERSION = 1;
				GENERATE_INFOPLIST_FILE = YES;
				INFOPLIST_FILE = RandomizerApp/Info.plist;
				INFOPLIST_KEY_UIApplicationSupportsIndirectInputEvents = YES;
				INFOPLIST_KEY_UILaunchStoryboardName = LaunchScreen;
				INFOPLIST_KEY_UIMainStoryboardFile = Main;
				INFOPLIST_KEY_UISupportedInterfaceOrientations_iPad = "UIInterfaceOrientationPortrait UIInterfaceOrientationPortraitUpsideDown UIInterfaceOrientationLandscapeLeft UIInterfaceOrientationLandscapeRight";
				INFOPLIST_KEY_UISupportedInterfaceOrientations_iPhone = "UIInterfaceOrientationPortrait UIInterfaceOrientationLandscapeLeft UIInterfaceOrientationLandscapeRight";
				LD_RUNPATH_SEARCH_PATHS = (
					"$(inherited)",
					"@executable_path/Frameworks",
				);
				MARKETING_VERSION = 1.0;
				PRODUCT_BUNDLE_IDENTIFIER = rizetap.RandomizerApp;
				PRODUCT_NAME = "$(TARGET_NAME)";
				STRING_CATALOG_GENERATE_SYMBOLS = YES;
				SWIFT_APPROACHABLE_CONCURRENCY = YES;
				SWIFT_DEFAULT_ACTOR_ISOLATION = MainActor;
				SWIFT_EMIT_LOC_STRINGS = YES;
				SWIFT_UPCOMING_FEATURE_MEMBER_IMPORT_VISIBILITY = YES;
				SWIFT_VERSION = 5.0;
				TARGETED_DEVICE_FAMILY = "1,2";
			};
			name = Release;
		};
		8FC6FE702EAAC42000BFA28E /* Debug */ = {
			isa = XCBuildConfiguration;
			buildSettings = {
				ALWAYS_SEARCH_USER_PATHS = NO;
				ASSETCATALOG_COMPILER_GENERATE_SWIFT_ASSET_SYMBOL_EXTENSIONS = YES;
				CLANG_ANALYZER_NONNULL = YES;
				CLANG_ANALYZER_NUMBER_OBJECT_CONVERSION = YES_AGGRESSIVE;
				CLANG_CXX_LANGUAGE_STANDARD = "gnu++20";
				CLANG_ENABLE_MODULES = YES;
				CLANG_ENABLE_OBJC_ARC = YES;
				CLANG_ENABLE_OBJC_WEAK = YES;
				CLANG_WARN_BLOCK_CAPTURE_AUTORELEASING = YES;
				CLANG_WARN_BOOL_CONVERSION = YES;
				CLANG_WARN_COMMA = YES;
				CLANG_WARN_CONSTANT_CONVERSION = YES;
				CLANG_WARN_DEPRECATED_OBJC_IMPLEMENTATIONS = YES;
				CLANG_WARN_DIRECT_OBJC_ISA_USAGE = YES_ERROR;
				CLANG_WARN_DOCUMENTATION_COMMENTS = YES;
				CLANG_WARN_EMPTY_BODY = YES;
				CLANG_WARN_ENUM_CONVERSION = YES;
				CLANG_WARN_INFINITE_RECURSION = YES;
				CLANG_WARN_INT_CONVERSION = YES;
				CLANG_WARN_NON_LITERAL_NULL_CONVERSION = YES;
				CLANG_WARN_OBJC_IMPLICIT_RETAIN_SELF = YES;
				CLANG_WARN_OBJC_LITERAL_CONVERSION = YES;
				CLANG_WARN_OBJC_ROOT_CLASS = YES_ERROR;
				CLANG_WARN_QUOTED_INCLUDE_IN_FRAMEWORK_HEADER = YES;
				CLANG_WARN_RANGE_LOOP_ANALYSIS = YES;
				CLANG_WARN_STRICT_PROTOTYPES = YES;
				CLANG_WARN_SUSPICIOUS_MOVE = YES;
				CLANG_WARN_UNGUARDED_AVAILABILITY = YES_AGGRESSIVE;
				CLANG_WARN_UNREACHABLE_CODE = YES;
				CLANG_WARN__DUPLICATE_METHOD_MATCH = YES;
				COPY_PHASE_STRIP = NO;
				DEBUG_INFORMATION_FORMAT = dwarf;
				ENABLE_STRICT_OBJC_MSGSEND = YES;
				ENABLE_TESTABILITY = YES;
				ENABLE_USER_SCRIPT_SANDBOXING = YES;
				GCC_C_LANGUAGE_STANDARD = gnu17;
				GCC_DYNAMIC_NO_PIC = NO;
				GCC_NO_COMMON_BLOCKS = YES;
				GCC_OPTIMIZATION_LEVEL = 0;
				GCC_PREPROCESSOR_DEFINITIONS = (
					"DEBUG=1",
					"$(inherited)",
				);
				GCC_WARN_64_TO_32_BIT_CONVERSION = YES;
				GCC_WARN_ABOUT_RETURN_TYPE = YES_ERROR;
				GCC_WARN_UNDECLARED_SELECTOR = YES;
				GCC_WARN_UNINITIALIZED_AUTOS = YES_AGGRESSIVE;
				GCC_WARN_UNUSED_FUNCTION = YES;
				GCC_WARN_UNUSED_VARIABLE = YES;
				IPHONEOS_DEPLOYMENT_TARGET = 26.0;
				LOCALIZATION_PREFERS_STRING_CATALOGS = YES;
				MTL_ENABLE_DEBUG_INFO = INCLUDE_SOURCE;
				MTL_FAST_MATH = YES;
				ONLY_ACTIVE_ARCH = YES;
				SDKROOT = iphoneos;
				SWIFT_ACTIVE_COMPILATION_CONDITIONS = "DEBUG $(inherited)";
				SWIFT_OPTIMIZATION_LEVEL = "-Onone";
			};
			name = Debug;
		};
		8FC6FE712EAAC42000BFA28E /* Release */ = {
			isa = XCBuildConfiguration;
			buildSettings = {
				ALWAYS_SEARCH_USER_PATHS = NO;
				ASSETCATALOG_COMPILER_GENERATE_SWIFT_ASSET_SYMBOL_EXTENSIONS = YES;
				CLANG_ANALYZER_NONNULL = YES;
				CLANG_ANALYZER_NUMBER_OBJECT_CONVERSION = YES_AGGRESSIVE;
				CLANG_CXX_LANGUAGE_STANDARD = "gnu++20";
				CLANG_ENABLE_MODULES = YES;
				CLANG_ENABLE_OBJC_ARC = YES;
				CLANG_ENABLE_OBJC_WEAK = YES;
				CLANG_WARN_BLOCK_CAPTURE_AUTORELEASING = YES;
				CLANG_WARN_BOOL_CONVERSION = YES;
				CLANG_WARN_COMMA = YES;
				CLANG_WARN_CONSTANT_CONVERSION = YES;
				CLANG_WARN_DEPRECATED_OBJC_IMPLEMENTATIONS = YES;
				CLANG_WARN_DIRECT_OBJC_ISA_USAGE = YES_ERROR;
				CLANG_WARN_DOCUMENTATION_COMMENTS = YES;
				CLANG_WARN_EMPTY_BODY = YES;
				CLANG_WARN_ENUM_CONVERSION = YES;
				CLANG_WARN_INFINITE_RECURSION = YES;
				CLANG_WARN_INT_CONVERSION = YES;
				CLANG_WARN_NON_LITERAL_NULL_CONVERSION = YES;
				CLANG_WARN_OBJC_IMPLICIT_RETAIN_SELF = YES;
				CLANG_WARN_OBJC_LITERAL_CONVERSION = YES;
				CLANG_WARN_OBJC_ROOT_CLASS = YES_ERROR;
				CLANG_WARN_QUOTED_INCLUDE_IN_FRAMEWORK_HEADER = YES;
				CLANG_WARN_RANGE_LOOP_ANALYSIS = YES;
				CLANG_WARN_STRICT_PROTOTYPES = YES;
				CLANG_WARN_SUSPICIOUS_MOVE = YES;
				CLANG_WARN_UNGUARDED_AVAILABILITY = YES_AGGRESSIVE;
				CLANG_WARN_UNREACHABLE_CODE = YES;
				CLANG_WARN__DUPLICATE_METHOD_MATCH = YES;
				COPY_PHASE_STRIP = NO;
				DEBUG_INFORMATION_FORMAT = "dwarf-with-dsym";
				ENABLE_NS_ASSERTIONS = NO;
				ENABLE_STRICT_OBJC_MSGSEND = YES;
				ENABLE_USER_SCRIPT_SANDBOXING = YES;
				GCC_C_LANGUAGE_STANDARD = gnu17;
				GCC_NO_COMMON_BLOCKS = YES;
				GCC_WARN_64_TO_32_BIT_CONVERSION = YES;
				GCC_WARN_ABOUT_RETURN_TYPE = YES_ERROR;
				GCC_WARN_UNDECLARED_SELECTOR = YES;
				GCC_WARN_UNINITIALIZED_AUTOS = YES_AGGRESSIVE;
				GCC_WARN_UNUSED_FUNCTION = YES;
				GCC_WARN_UNUSED_VARIABLE = YES;
				IPHONEOS_DEPLOYMENT_TARGET = 26.0;
				LOCALIZATION_PREFERS_STRING_CATALOGS = YES;
				MTL_ENABLE_DEBUG_INFO = NO;
				MTL_FAST_MATH = YES;
				SDKROOT = iphoneos;
				SWIFT_COMPILATION_MODE = wholemodule;
				VALIDATE_PRODUCT = YES;
			};
			name = Release;
		};
		8FC6FE732EAAC42000BFA28E /* Debug */ = {
			isa = XCBuildConfiguration;
			buildSettings = {
				BUNDLE_LOADER = "$(TEST_HOST)";
				CODE_SIGN_STYLE = Automatic;
				CURRENT_PROJECT_VERSION = 1;
				GENERATE_INFOPLIST_FILE = YES;
				IPHONEOS_DEPLOYMENT_TARGET = 26.0;
				MARKETING_VERSION = 1.0;
				PRODUCT_BUNDLE_IDENTIFIER = rizetap.RandomizerAppTests;
				PRODUCT_NAME = "$(TARGET_NAME)";
				STRING_CATALOG_GENERATE_SYMBOLS = NO;
				SWIFT_APPROACHABLE_CONCURRENCY = YES;
				SWIFT_EMIT_LOC_STRINGS = NO;
				SWIFT_UPCOMING_FEATURE_MEMBER_IMPORT_VISIBILITY = YES;
				SWIFT_VERSION = 5.0;
				TARGETED_DEVICE_FAMILY = "1,2";
				TEST_HOST = "$(BUILT_PRODUCTS_DIR)/RandomizerApp.app/$(BUNDLE_EXECUTABLE_FOLDER_PATH)/RandomizerApp";
			};
			name = Debug;
		};
		8FC6FE742EAAC42000BFA28E /* Release */ = {
			isa = XCBuildConfiguration;
			buildSettings = {
				BUNDLE_LOADER = "$(TEST_HOST)";
				CODE_SIGN_STYLE = Automatic;
				CURRENT_PROJECT_VERSION = 1;
				GENERATE_INFOPLIST_FILE = YES;
				IPHONEOS_DEPLOYMENT_TARGET = 26.0;
				MARKETING_VERSION = 1.0;
				PRODUCT_BUNDLE_IDENTIFIER = rizetap.RandomizerAppTests;
				PRODUCT_NAME = "$(TARGET_NAME)";
				STRING_CATALOG_GENERATE_SYMBOLS = NO;
				SWIFT_APPROACHABLE_CONCURRENCY = YES;
				SWIFT_EMIT_LOC_STRINGS = NO;
				SWIFT_UPCOMING_FEATURE_MEMBER_IMPORT_VISIBILITY = YES;
				SWIFT_VERSION = 5.0;
				TARGETED_DEVICE_FAMILY = "1,2";
				TEST_HOST = "$(BUILT_PRODUCTS_DIR)/RandomizerApp.app/$(BUNDLE_EXECUTABLE_FOLDER_PATH)/RandomizerApp";
			};
			name = Release;
		};
		8FC6FE762EAAC42000BFA28E /* Debug */ = {
			isa = XCBuildConfiguration;
			buildSettings = {
				CODE_SIGN_STYLE = Automatic;
				CURRENT_PROJECT_VERSION = 1;
				GENERATE_INFOPLIST_FILE = YES;
				MARKETING_VERSION = 1.0;
				PRODUCT_BUNDLE_IDENTIFIER = rizetap.RandomizerAppUITests;
				PRODUCT_NAME = "$(TARGET_NAME)";
				STRING_CATALOG_GENERATE_SYMBOLS = NO;
				SWIFT_APPROACHABLE_CONCURRENCY = YES;
				SWIFT_EMIT_LOC_STRINGS = NO;
				SWIFT_UPCOMING_FEATURE_MEMBER_IMPORT_VISIBILITY = YES;
				SWIFT_VERSION = 5.0;
				TARGETED_DEVICE_FAMILY = "1,2";
				TEST_TARGET_NAME = RandomizerApp;
			};
			name = Debug;
		};
		8FC6FE772EAAC42000BFA28E /* Release */ = {
			isa = XCBuildConfiguration;
			buildSettings = {
				CODE_SIGN_STYLE = Automatic;
				CURRENT_PROJECT_VERSION = 1;
				GENERATE_INFOPLIST_FILE = YES;
				MARKETING_VERSION = 1.0;
				PRODUCT_BUNDLE_IDENTIFIER = rizetap.RandomizerAppUITests;
				PRODUCT_NAME = "$(TARGET_NAME)";
				STRING_CATALOG_GENERATE_SYMBOLS = NO;
				SWIFT_APPROACHABLE_CONCURRENCY = YES;
				SWIFT_EMIT_LOC_STRINGS = NO;
				SWIFT_UPCOMING_FEATURE_MEMBER_IMPORT_VISIBILITY = YES;
				SWIFT_VERSION = 5.0;
				TARGETED_DEVICE_FAMILY = "1,2";
				TEST_TARGET_NAME = RandomizerApp;
			};
			name = Release;
		};
/* End XCBuildConfiguration section */

/* Begin XCConfigurationList section */
		8FC6FE3F2EAAC41F00BFA28E /* Build configuration list for PBXProject "RandomizerApp" */ = {
			isa = XCConfigurationList;
			buildConfigurations = (
				8FC6FE702EAAC42000BFA28E /* Debug */,
				8FC6FE712EAAC42000BFA28E /* Release */,
			);
			defaultConfigurationIsVisible = 0;
			defaultConfigurationName = Release;
		};
		8FC6FE6D2EAAC42000BFA28E /* Build configuration list for PBXNativeTarget "RandomizerApp" */ = {
			isa = XCConfigurationList;
			buildConfigurations = (
				8FC6FE6E2EAAC42000BFA28E /* Debug */,
				8FC6FE6F2EAAC42000BFA28E /* Release */,
			);
			defaultConfigurationIsVisible = 0;
			defaultConfigurationName = Release;
		};
		8FC6FE722EAAC42000BFA28E /* Build configuration list for PBXNativeTarget "RandomizerAppTests" */ = {
			isa = XCConfigurationList;
			buildConfigurations = (
				8FC6FE732EAAC42000BFA28E /* Debug */,
				8FC6FE742EAAC42000BFA28E /* Release */,
			);
			defaultConfigurationIsVisible = 0;
			defaultConfigurationName = Release;
		};
		8FC6FE752EAAC42000BFA28E /* Build configuration list for PBXNativeTarget "RandomizerAppUITests" */ = {
			isa = XCConfigurationList;
			buildConfigurations = (
				8FC6FE762EAAC42000BFA28E /* Debug */,
				8FC6FE772EAAC42000BFA28E /* Release */,
			);
			defaultConfigurationIsVisible = 0;
			defaultConfigurationName = Release;
		};
/* End XCConfigurationList section */
	};
	rootObject = 8FC6FE3C2EAAC41F00BFA28E /* Project object */;
}
