// !$*UTF8*$!
{
	archiveVersion = 1;
	classes = {
	};
	objectVersion = 77;
	objects = {

/* Begin PBXContainerItemProxy section */
		8F6AEFE52EDA61DA00B2C101 /* PBXContainerItemProxy */ = {
			isa = PBXContainerItemProxy;
			containerPortal = 8F6AEFC62EDA61D900B2C101 /* Project object */;
			proxyType = 1;
			remoteGlobalIDString = 8F6AEFCD2EDA61D900B2C101;
			remoteInfo = RizetapMusic;
		};
		8F6AEFEF2EDA61DA00B2C101 /* PBXContainerItemProxy */ = {
			isa = PBXContainerItemProxy;
			containerPortal = 8F6AEFC62EDA61D900B2C101 /* Project object */;
			proxyType = 1;
			remoteGlobalIDString = 8F6AEFCD2EDA61D900B2C101;
			remoteInfo = RizetapMusic;
		};
/* End PBXContainerItemProxy section */

/* Begin PBXFileReference section */
		8F6AEFCE2EDA61D900B2C101 /* RizetapMusic.app */ = {isa = PBXFileReference; explicitFileType = wrapper.application; includeInIndex = 0; path = RizetapMusic.app; sourceTree = BUILT_PRODUCTS_DIR; };
		8F6AEFE42EDA61DA00B2C101 /* RizetapMusicTests.xctest */ = {isa = PBXFileReference; explicitFileType = wrapper.cfbundle; includeInIndex = 0; path = RizetapMusicTests.xctest; sourceTree = BUILT_PRODUCTS_DIR; };
		8F6AEFEE2EDA61DA00B2C101 /* RizetapMusicUITests.xctest */ = {isa = PBXFileReference; explicitFileType = wrapper.cfbundle; includeInIndex = 0; path = RizetapMusicUITests.xctest; sourceTree = BUILT_PRODUCTS_DIR; };
/* End PBXFileReference section */

/* Begin PBXFileSystemSynchronizedBuildFileExceptionSet section */
		8F6AEFF62EDA61DA00B2C101 /* Exceptions for "RizetapMusic" folder in "RizetapMusic" target */ = {
			isa = PBXFileSystemSynchronizedBuildFileExceptionSet;
			membershipExceptions = (
				Info.plist,
			);
			target = 8F6AEFCD2EDA61D900B2C101 /* RizetapMusic */;
		};
/* End PBXFileSystemSynchronizedBuildFileExceptionSet section */

/* Begin PBXFileSystemSynchronizedRootGroup section */
		8F6AEFD02EDA61D900B2C101 /* RizetapMusic */ = {
			isa = PBXFileSystemSynchronizedRootGroup;
			exceptions = (
				8F6AEFF62EDA61DA00B2C101 /* Exceptions for "RizetapMusic" folder in "RizetapMusic" target */,
			);
			path = RizetapMusic;
			sourceTree = "<group>";
		};
		8F6AEFE72EDA61DA00B2C101 /* RizetapMusicTests */ = {
			isa = PBXFileSystemSynchronizedRootGroup;
			path = RizetapMusicTests;
			sourceTree = "<group>";
		};
		8F6AEFF12EDA61DA00B2C101 /* RizetapMusicUITests */ = {
			isa = PBXFileSystemSynchronizedRootGroup;
			path = RizetapMusicUITests;
			sourceTree = "<group>";
		};
/* End PBXFileSystemSynchronizedRootGroup section */

/* Begin PBXFrameworksBuildPhase section */
		8F6AEFCB2EDA61D900B2C101 /* Frameworks */ = {
			isa = PBXFrameworksBuildPhase;
			buildActionMask = 2147483647;
			files = (
			);
			runOnlyForDeploymentPostprocessing = 0;
		};
		8F6AEFE12EDA61DA00B2C101 /* Frameworks */ = {
			isa = PBXFrameworksBuildPhase;
			buildActionMask = 2147483647;
			files = (
			);
			runOnlyForDeploymentPostprocessing = 0;
		};
		8F6AEFEB2EDA61DA00B2C101 /* Frameworks */ = {
			isa = PBXFrameworksBuildPhase;
			buildActionMask = 2147483647;
			files = (
			);
			runOnlyForDeploymentPostprocessing = 0;
		};
/* End PBXFrameworksBuildPhase section */

/* Begin PBXGroup section */
		8F6AEFC52EDA61D900B2C101 = {
			isa = PBXGroup;
			children = (
				8F6AEFD02EDA61D900B2C101 /* RizetapMusic */,
				8F6AEFE72EDA61DA00B2C101 /* RizetapMusicTests */,
				8F6AEFF12EDA61DA00B2C101 /* RizetapMusicUITests */,
				8F6AEFCF2EDA61D900B2C101 /* Products */,
			);
			sourceTree = "<group>";
		};
		8F6AEFCF2EDA61D900B2C101 /* Products */ = {
			isa = PBXGroup;
			children = (
				8F6AEFCE2EDA61D900B2C101 /* RizetapMusic.app */,
				8F6AEFE42EDA61DA00B2C101 /* RizetapMusicTests.xctest */,
				8F6AEFEE2EDA61DA00B2C101 /* RizetapMusicUITests.xctest */,
			);
			name = Products;
			sourceTree = "<group>";
		};
/* End PBXGroup section */

/* Begin PBXNativeTarget section */
		8F6AEFCD2EDA61D900B2C101 /* RizetapMusic */ = {
			isa = PBXNativeTarget;
			buildConfigurationList = 8F6AEFF72EDA61DA00B2C101 /* Build configuration list for PBXNativeTarget "RizetapMusic" */;
			buildPhases = (
				8F6AEFCA2EDA61D900B2C101 /* Sources */,
				8F6AEFCB2EDA61D900B2C101 /* Frameworks */,
				8F6AEFCC2EDA61D900B2C101 /* Resources */,
			);
			buildRules = (
			);
			dependencies = (
			);
			fileSystemSynchronizedGroups = (
				8F6AEFD02EDA61D900B2C101 /* RizetapMusic */,
			);
			name = RizetapMusic;
			packageProductDependencies = (
			);
			productName = RizetapMusic;
			productReference = 8F6AEFCE2EDA61D900B2C101 /* RizetapMusic.app */;
			productType = "com.apple.product-type.application";
		};
		8F6AEFE32EDA61DA00B2C101 /* RizetapMusicTests */ = {
			isa = PBXNativeTarget;
			buildConfigurationList = 8F6AEFFC2EDA61DA00B2C101 /* Build configuration list for PBXNativeTarget "RizetapMusicTests" */;
			buildPhases = (
				8F6AEFE02EDA61DA00B2C101 /* Sources */,
				8F6AEFE12EDA61DA00B2C101 /* Frameworks */,
				8F6AEFE22EDA61DA00B2C101 /* Resources */,
			);
			buildRules = (
			);
			dependencies = (
				8F6AEFE62EDA61DA00B2C101 /* PBXTargetDependency */,
			);
			fileSystemSynchronizedGroups = (
				8F6AEFE72EDA61DA00B2C101 /* RizetapMusicTests */,
			);
			name = RizetapMusicTests;
			packageProductDependencies = (
			);
			productName = RizetapMusicTests;
			productReference = 8F6AEFE42EDA61DA00B2C101 /* RizetapMusicTests.xctest */;
			productType = "com.apple.product-type.bundle.unit-test";
		};
		8F6AEFED2EDA61DA00B2C101 /* RizetapMusicUITests */ = {
			isa = PBXNativeTarget;
			buildConfigurationList = 8F6AEFFF2EDA61DA00B2C101 /* Build configuration list for PBXNativeTarget "RizetapMusicUITests" */;
			buildPhases = (
				8F6AEFEA2EDA61DA00B2C101 /* Sources */,
				8F6AEFEB2EDA61DA00B2C101 /* Frameworks */,
				8F6AEFEC2EDA61DA00B2C101 /* Resources */,
			);
			buildRules = (
			);
			dependencies = (
				8F6AEFF02EDA61DA00B2C101 /* PBXTargetDependency */,
			);
			fileSystemSynchronizedGroups = (
				8F6AEFF12EDA61DA00B2C101 /* RizetapMusicUITests */,
			);
			name = RizetapMusicUITests;
			packageProductDependencies = (
			);
			productName = RizetapMusicUITests;
			productReference = 8F6AEFEE2EDA61DA00B2C101 /* RizetapMusicUITests.xctest */;
			productType = "com.apple.product-type.bundle.ui-testing";
		};
/* End PBXNativeTarget section */

/* Begin PBXProject section */
		8F6AEFC62EDA61D900B2C101 /* Project object */ = {
			isa = PBXProject;
			attributes = {
				BuildIndependentTargetsInParallel = 1;
				LastSwiftUpdateCheck = 2600;
				LastUpgradeCheck = 2600;
				TargetAttributes = {
					8F6AEFCD2EDA61D900B2C101 = {
						CreatedOnToolsVersion = 26.0.1;
					};
					8F6AEFE32EDA61DA00B2C101 = {
						CreatedOnToolsVersion = 26.0.1;
						TestTargetID = 8F6AEFCD2EDA61D900B2C101;
					};
					8F6AEFED2EDA61DA00B2C101 = {
						CreatedOnToolsVersion = 26.0.1;
						TestTargetID = 8F6AEFCD2EDA61D900B2C101;
					};
				};
			};
			buildConfigurationList = 8F6AEFC92EDA61D900B2C101 /* Build configuration list for PBXProject "RizetapMusic" */;
			developmentRegion = en;
			hasScannedForEncodings = 0;
			knownRegions = (
				en,
				Base,
			);
			mainGroup = 8F6AEFC52EDA61D900B2C101;
			minimizedProjectReferenceProxies = 1;
			preferredProjectObjectVersion = 77;
			productRefGroup = 8F6AEFCF2EDA61D900B2C101 /* Products */;
			projectDirPath = "";
			projectRoot = "";
			targets = (
				8F6AEFCD2EDA61D900B2C101 /* RizetapMusic */,
				8F6AEFE32EDA61DA00B2C101 /* RizetapMusicTests */,
				8F6AEFED2EDA61DA00B2C101 /* RizetapMusicUITests */,
			);
		};
/* End PBXProject section */

/* Begin PBXResourcesBuildPhase section */
		8F6AEFCC2EDA61D900B2C101 /* Resources */ = {
			isa = PBXResourcesBuildPhase;
			buildActionMask = 2147483647;
			files = (
			);
			runOnlyForDeploymentPostprocessing = 0;
		};
		8F6AEFE22EDA61DA00B2C101 /* Resources */ = {
			isa = PBXResourcesBuildPhase;
			buildActionMask = 2147483647;
			files = (
			);
			runOnlyForDeploymentPostprocessing = 0;
		};
		8F6AEFEC2EDA61DA00B2C101 /* Resources */ = {
			isa = PBXResourcesBuildPhase;
			buildActionMask = 2147483647;
			files = (
			);
			runOnlyForDeploymentPostprocessing = 0;
		};
/* End PBXResourcesBuildPhase section */

/* Begin PBXSourcesBuildPhase section */
		8F6AEFCA2EDA61D900B2C101 /* Sources */ = {
			isa = PBXSourcesBuildPhase;
			buildActionMask = 2147483647;
			files = (
			);
			runOnlyForDeploymentPostprocessing = 0;
		};
		8F6AEFE02EDA61DA00B2C101 /* Sources */ = {
			isa = PBXSourcesBuildPhase;
			buildActionMask = 2147483647;
			files = (
			);
			runOnlyForDeploymentPostprocessing = 0;
		};
		8F6AEFEA2EDA61DA00B2C101 /* Sources */ = {
			isa = PBXSourcesBuildPhase;
			buildActionMask = 2147483647;
			files = (
			);
			runOnlyForDeploymentPostprocessing = 0;
		};
/* End PBXSourcesBuildPhase section */

/* Begin PBXTargetDependency section */
		8F6AEFE62EDA61DA00B2C101 /* PBXTargetDependency */ = {
			isa = PBXTargetDependency;
			target = 8F6AEFCD2EDA61D900B2C101 /* RizetapMusic */;
			targetProxy = 8F6AEFE52EDA61DA00B2C101 /* PBXContainerItemProxy */;
		};
		8F6AEFF02EDA61DA00B2C101 /* PBXTargetDependency */ = {
			isa = PBXTargetDependency;
			target = 8F6AEFCD2EDA61D900B2C101 /* RizetapMusic */;
			targetProxy = 8F6AEFEF2EDA61DA00B2C101 /* PBXContainerItemProxy */;
		};
/* End PBXTargetDependency section */

/* Begin XCBuildConfiguration section */
		8F6AEFF82EDA61DA00B2C101 /* Debug */ = {
			isa = XCBuildConfiguration;
			buildSettings = {
				ASSETCATALOG_COMPILER_APPICON_NAME = AppIcon;
				ASSETCATALOG_COMPILER_GLOBAL_ACCENT_COLOR_NAME = AccentColor;
				CODE_SIGN_STYLE = Automatic;
				CURRENT_PROJECT_VERSION = 1;
				GENERATE_INFOPLIST_FILE = YES;
				INFOPLIST_FILE = RizetapMusic/Info.plist;
				INFOPLIST_KEY_UIApplicationSupportsIndirectInputEvents = YES;
				INFOPLIST_KEY_UILaunchStoryboardName = LaunchScreen;
				INFOPLIST_KEY_UIMainStoryboardFile = Main;
				INFOPLIST_KEY_UISupportedInterfaceOrientations_iPad = "UIInterfaceOrientationPortrait UIInterfaceOrientationPortraitUpsideDown UIInterfaceOrientationLandscapeLeft UIInterfaceOrientationLandscapeRight";
				INFOPLIST_KEY_UISupportedInterfaceOrientations_iPhone = "UIInterfaceOrientationPortrait UIInterfaceOrientationLandscapeLeft UIInterfaceOrientationLandscapeRight";
				LD_RUNPATH_SEARCH_PATHS = (
					"$(inherited)",
					"@executable_path/Frameworks",
				);
				MARKETING_VERSION = 1.0;
				PRODUCT_BUNDLE_IDENTIFIER = rizetap.RizetapMusic;
				PRODUCT_NAME = "$(TARGET_NAME)";
				STRING_CATALOG_GENERATE_SYMBOLS = YES;
				SWIFT_APPROACHABLE_CONCURRENCY = YES;
				SWIFT_DEFAULT_ACTOR_ISOLATION = MainActor;
				SWIFT_EMIT_LOC_STRINGS = YES;
				SWIFT_UPCOMING_FEATURE_MEMBER_IMPORT_VISIBILITY = YES;
				SWIFT_VERSION = 5.0;
				TARGETED_DEVICE_FAMILY = "1,2";
			};
			name = Debug;
		};
		8F6AEFF92EDA61DA00B2C101 /* Release */ = {
			isa = XCBuildConfiguration;
			buildSettings = {
				ASSETCATALOG_COMPILER_APPICON_NAME = AppIcon;
				ASSETCATALOG_COMPILER_GLOBAL_ACCENT_COLOR_NAME = AccentColor;
				CODE_SIGN_STYLE = Automatic;
				CURRENT_PROJECT_VERSION = 1;
				GENERATE_INFOPLIST_FILE = YES;
				INFOPLIST_FILE = RizetapMusic/Info.plist;
				INFOPLIST_KEY_UIApplicationSupportsIndirectInputEvents = YES;
				INFOPLIST_KEY_UILaunchStoryboardName = LaunchScreen;
				INFOPLIST_KEY_UIMainStoryboardFile = Main;
				INFOPLIST_KEY_UISupportedInterfaceOrientations_iPad = "UIInterfaceOrientationPortrait UIInterfaceOrientationPortraitUpsideDown UIInterfaceOrientationLandscapeLeft UIInterfaceOrientationLandscapeRight";
				INFOPLIST_KEY_UISupportedInterfaceOrientations_iPhone = "UIInterfaceOrientationPortrait UIInterfaceOrientationLandscapeLeft UIInterfaceOrientationLandscapeRight";
				LD_RUNPATH_SEARCH_PATHS = (
					"$(inherited)",
					"@executable_path/Frameworks",
				);
				MARKETING_VERSION = 1.0;
				PRODUCT_BUNDLE_IDENTIFIER = rizetap.RizetapMusic;
				PRODUCT_NAME = "$(TARGET_NAME)";
				STRING_CATALOG_GENERATE_SYMBOLS = YES;
				SWIFT_APPROACHABLE_CONCURRENCY = YES;
				SWIFT_DEFAULT_ACTOR_ISOLATION = MainActor;
				SWIFT_EMIT_LOC_STRINGS = YES;
				SWIFT_UPCOMING_FEATURE_MEMBER_IMPORT_VISIBILITY = YES;
				SWIFT_VERSION = 5.0;
				TARGETED_DEVICE_FAMILY = "1,2";
			};
			name = Release;
		};
		8F6AEFFA2EDA61DA00B2C101 /* Debug */ = {
			isa = XCBuildConfiguration;
			buildSettings = {
				ALWAYS_SEARCH_USER_PATHS = NO;
				ASSETCATALOG_COMPILER_GENERATE_SWIFT_ASSET_SYMBOL_EXTENSIONS = YES;
				CLANG_ANALYZER_NONNULL = YES;
				CLANG_ANALYZER_NUMBER_OBJECT_CONVERSION = YES_AGGRESSIVE;
				CLANG_CXX_LANGUAGE_STANDARD = "gnu++20";
				CLANG_ENABLE_MODULES = YES;
				CLANG_ENABLE_OBJC_ARC = YES;
				CLANG_ENABLE_OBJC_WEAK = YES;
				CLANG_WARN_BLOCK_CAPTURE_AUTORELEASING = YES;
				CLANG_WARN_BOOL_CONVERSION = YES;
				CLANG_WARN_COMMA = YES;
				CLANG_WARN_CONSTANT_CONVERSION = YES;
				CLANG_WARN_DEPRECATED_OBJC_IMPLEMENTATIONS = YES;
				CLANG_WARN_DIRECT_OBJC_ISA_USAGE = YES_ERROR;
				CLANG_WARN_DOCUMENTATION_COMMENTS = YES;
				CLANG_WARN_EMPTY_BODY = YES;
				CLANG_WARN_ENUM_CONVERSION = YES;
				CLANG_WARN_INFINITE_RECURSION = YES;
				CLANG_WARN_INT_CONVERSION = YES;
				CLANG_WARN_NON_LITERAL_NULL_CONVERSION = YES;
				CLANG_WARN_OBJC_IMPLICIT_RETAIN_SELF = YES;
				CLANG_WARN_OBJC_LITERAL_CONVERSION = YES;
				CLANG_WARN_OBJC_ROOT_CLASS = YES_ERROR;
				CLANG_WARN_QUOTED_INCLUDE_IN_FRAMEWORK_HEADER = YES;
				CLANG_WARN_RANGE_LOOP_ANALYSIS = YES;
				CLANG_WARN_STRICT_PROTOTYPES = YES;
				CLANG_WARN_SUSPICIOUS_MOVE = YES;
				CLANG_WARN_UNGUARDED_AVAILABILITY = YES_AGGRESSIVE;
				CLANG_WARN_UNREACHABLE_CODE = YES;
				CLANG_WARN__DUPLICATE_METHOD_MATCH = YES;
				COPY_PHASE_STRIP = NO;
				DEBUG_INFORMATION_FORMAT = dwarf;
				ENABLE_STRICT_OBJC_MSGSEND = YES;
				ENABLE_TESTABILITY = YES;
				ENABLE_USER_SCRIPT_SANDBOXING = YES;
				GCC_C_LANGUAGE_STANDARD = gnu17;
				GCC_DYNAMIC_NO_PIC = NO;
				GCC_NO_COMMON_BLOCKS = YES;
				GCC_OPTIMIZATION_LEVEL = 0;
				GCC_PREPROCESSOR_DEFINITIONS = (
					"DEBUG=1",
					"$(inherited)",
				);
				GCC_WARN_64_TO_32_BIT_CONVERSION = YES;
				GCC_WARN_ABOUT_RETURN_TYPE = YES_ERROR;
				GCC_WARN_UNDECLARED_SELECTOR = YES;
				GCC_WARN_UNINITIALIZED_AUTOS = YES_AGGRESSIVE;
				GCC_WARN_UNUSED_FUNCTION = YES;
				GCC_WARN_UNUSED_VARIABLE = YES;
				IPHONEOS_DEPLOYMENT_TARGET = 26.0;
				LOCALIZATION_PREFERS_STRING_CATALOGS = YES;
				MTL_ENABLE_DEBUG_INFO = INCLUDE_SOURCE;
				MTL_FAST_MATH = YES;
				ONLY_ACTIVE_ARCH = YES;
				SDKROOT = iphoneos;
				SWIFT_ACTIVE_COMPILATION_CONDITIONS = "DEBUG $(inherited)";
				SWIFT_OPTIMIZATION_LEVEL = "-Onone";
			};
			name = Debug;
		};
		8F6AEFFB2EDA61DA00B2C101 /* Release */ = {
			isa = XCBuildConfiguration;
			buildSettings = {
				ALWAYS_SEARCH_USER_PATHS = NO;
				ASSETCATALOG_COMPILER_GENERATE_SWIFT_ASSET_SYMBOL_EXTENSIONS = YES;
				CLANG_ANALYZER_NONNULL = YES;
				CLANG_ANALYZER_NUMBER_OBJECT_CONVERSION = YES_AGGRESSIVE;
				CLANG_CXX_LANGUAGE_STANDARD = "gnu++20";
				CLANG_ENABLE_MODULES = YES;
				CLANG_ENABLE_OBJC_ARC = YES;
				CLANG_ENABLE_OBJC_WEAK = YES;
				CLANG_WARN_BLOCK_CAPTURE_AUTORELEASING = YES;
				CLANG_WARN_BOOL_CONVERSION = YES;
				CLANG_WARN_COMMA = YES;
				CLANG_WARN_CONSTANT_CONVERSION = YES;
				CLANG_WARN_DEPRECATED_OBJC_IMPLEMENTATIONS = YES;
				CLANG_WARN_DIRECT_OBJC_ISA_USAGE = YES_ERROR;
				CLANG_WARN_DOCUMENTATION_COMMENTS = YES;
				CLANG_WARN_EMPTY_BODY = YES;
				CLANG_WARN_ENUM_CONVERSION = YES;
				CLANG_WARN_INFINITE_RECURSION = YES;
				CLANG_WARN_INT_CONVERSION = YES;
				CLANG_WARN_NON_LITERAL_NULL_CONVERSION = YES;
				CLANG_WARN_OBJC_IMPLICIT_RETAIN_SELF = YES;
				CLANG_WARN_OBJC_LITERAL_CONVERSION = YES;
				CLANG_WARN_OBJC_ROOT_CLASS = YES_ERROR;
				CLANG_WARN_QUOTED_INCLUDE_IN_FRAMEWORK_HEADER = YES;
				CLANG_WARN_RANGE_LOOP_ANALYSIS = YES;
				CLANG_WARN_STRICT_PROTOTYPES = YES;
				CLANG_WARN_SUSPICIOUS_MOVE = YES;
				CLANG_WARN_UNGUARDED_AVAILABILITY = YES_AGGRESSIVE;
				CLANG_WARN_UNREACHABLE_CODE = YES;
				CLANG_WARN__DUPLICATE_METHOD_MATCH = YES;
				COPY_PHASE_STRIP = NO;
				DEBUG_INFORMATION_FORMAT = "dwarf-with-dsym";
				ENABLE_NS_ASSERTIONS = NO;
				ENABLE_STRICT_OBJC_MSGSEND = YES;
				ENABLE_USER_SCRIPT_SANDBOXING = YES;
				GCC_C_LANGUAGE_STANDARD = gnu17;
				GCC_NO_COMMON_BLOCKS = YES;
				GCC_WARN_64_TO_32_BIT_CONVERSION = YES;
				GCC_WARN_ABOUT_RETURN_TYPE = YES_ERROR;
				GCC_WARN_UNDECLARED_SELECTOR = YES;
				GCC_WARN_UNINITIALIZED_AUTOS = YES_AGGRESSIVE;
				GCC_WARN_UNUSED_FUNCTION = YES;
				GCC_WARN_UNUSED_VARIABLE = YES;
				IPHONEOS_DEPLOYMENT_TARGET = 26.0;
				LOCALIZATION_PREFERS_STRING_CATALOGS = YES;
				MTL_ENABLE_DEBUG_INFO = NO;
				MTL_FAST_MATH = YES;
				SDKROOT = iphoneos;
				SWIFT_COMPILATION_MODE = wholemodule;
				VALIDATE_PRODUCT = YES;
			};
			name = Release;
		};
		8F6AEFFD2EDA61DA00B2C101 /* Debug */ = {
			isa = XCBuildConfiguration;
			buildSettings = {
				BUNDLE_LOADER = "$(TEST_HOST)";
				CODE_SIGN_STYLE = Automatic;
				CURRENT_PROJECT_VERSION = 1;
				GENERATE_INFOPLIST_FILE = YES;
				IPHONEOS_DEPLOYMENT_TARGET = 26.0;
				MARKETING_VERSION = 1.0;
				PRODUCT_BUNDLE_IDENTIFIER = rizetap.RizetapMusicTests;
				PRODUCT_NAME = "$(TARGET_NAME)";
				STRING_CATALOG_GENERATE_SYMBOLS = NO;
				SWIFT_APPROACHABLE_CONCURRENCY = YES;
				SWIFT_EMIT_LOC_STRINGS = NO;
				SWIFT_UPCOMING_FEATURE_MEMBER_IMPORT_VISIBILITY = YES;
				SWIFT_VERSION = 5.0;
				TARGETED_DEVICE_FAMILY = "1,2";
				TEST_HOST = "$(BUILT_PRODUCTS_DIR)/RizetapMusic.app/$(BUNDLE_EXECUTABLE_FOLDER_PATH)/RizetapMusic";
			};
			name = Debug;
		};
		8F6AEFFE2EDA61DA00B2C101 /* Release */ = {
			isa = XCBuildConfiguration;
			buildSettings = {
				BUNDLE_LOADER = "$(TEST_HOST)";
				CODE_SIGN_STYLE = Automatic;
				CURRENT_PROJECT_VERSION = 1;
				GENERATE_INFOPLIST_FILE = YES;
				IPHONEOS_DEPLOYMENT_TARGET = 26.0;
				MARKETING_VERSION = 1.0;
				PRODUCT_BUNDLE_IDENTIFIER = rizetap.RizetapMusicTests;
				PRODUCT_NAME = "$(TARGET_NAME)";
				STRING_CATALOG_GENERATE_SYMBOLS = NO;
				SWIFT_APPROACHABLE_CONCURRENCY = YES;
				SWIFT_EMIT_LOC_STRINGS = NO;
				SWIFT_UPCOMING_FEATURE_MEMBER_IMPORT_VISIBILITY = YES;
				SWIFT_VERSION = 5.0;
				TARGETED_DEVICE_FAMILY = "1,2";
				TEST_HOST = "$(BUILT_PRODUCTS_DIR)/RizetapMusic.app/$(BUNDLE_EXECUTABLE_FOLDER_PATH)/RizetapMusic";
			};
			name = Release;
		};
		8F6AF0002EDA61DA00B2C101 /* Debug */ = {
			isa = XCBuildConfiguration;
			buildSettings = {
				CODE_SIGN_STYLE = Automatic;
				CURRENT_PROJECT_VERSION = 1;
				GENERATE_INFOPLIST_FILE = YES;
				MARKETING_VERSION = 1.0;
				PRODUCT_BUNDLE_IDENTIFIER = rizetap.RizetapMusicUITests;
				PRODUCT_NAME = "$(TARGET_NAME)";
				STRING_CATALOG_GENERATE_SYMBOLS = NO;
				SWIFT_APPROACHABLE_CONCURRENCY = YES;
				SWIFT_EMIT_LOC_STRINGS = NO;
				SWIFT_UPCOMING_FEATURE_MEMBER_IMPORT_VISIBILITY = YES;
				SWIFT_VERSION = 5.0;
				TARGETED_DEVICE_FAMILY = "1,2";
				TEST_TARGET_NAME = RizetapMusic;
			};
			name = Debug;
		};
		8F6AF0012EDA61DA00B2C101 /* Release */ = {
			isa = XCBuildConfiguration;
			buildSettings = {
				CODE_SIGN_STYLE = Automatic;
				CURRENT_PROJECT_VERSION = 1;
				GENERATE_INFOPLIST_FILE = YES;
				MARKETING_VERSION = 1.0;
				PRODUCT_BUNDLE_IDENTIFIER = rizetap.RizetapMusicUITests;
				PRODUCT_NAME = "$(TARGET_NAME)";
				STRING_CATALOG_GENERATE_SYMBOLS = NO;
				SWIFT_APPROACHABLE_CONCURRENCY = YES;
				SWIFT_EMIT_LOC_STRINGS = NO;
				SWIFT_UPCOMING_FEATURE_MEMBER_IMPORT_VISIBILITY = YES;
				SWIFT_VERSION = 5.0;
				TARGETED_DEVICE_FAMILY = "1,2";
				TEST_TARGET_NAME = RizetapMusic;
			};
			name = Release;
		};
/* End XCBuildConfiguration section */

/* Begin XCConfigurationList section */
		8F6AEFC92EDA61D900B2C101 /* Build configuration list for PBXProject "RizetapMusic" */ = {
			isa = XCConfigurationList;
			buildConfigurations = (
				8F6AEFFA2EDA61DA00B2C101 /* Debug */,
				8F6AEFFB2EDA61DA00B2C101 /* Release */,
			);
			defaultConfigurationIsVisible = 0;
			defaultConfigurationName = Release;
		};
		8F6AEFF72EDA61DA00B2C101 /* Build configuration list for PBXNativeTarget "RizetapMusic" */ = {
			isa = XCConfigurationList;
			buildConfigurations = (
				8F6AEFF82EDA61DA00B2C101 /* Debug */,
				8F6AEFF92EDA61DA00B2C101 /* Release */,
			);
			defaultConfigurationIsVisible = 0;
			defaultConfigurationName = Release;
		};
		8F6AEFFC2EDA61DA00B2C101 /* Build configuration list for PBXNativeTarget "RizetapMusicTests" */ = {
			isa = XCConfigurationList;
			buildConfigurations = (
				8F6AEFFD2EDA61DA00B2C101 /* Debug */,
				8F6AEFFE2EDA61DA00B2C101 /* Release */,
			);
			defaultConfigurationIsVisible = 0;
			defaultConfigurationName = Release;
		};
		8F6AEFFF2EDA61DA00B2C101 /* Build configuration list for PBXNativeTarget "RizetapMusicUITests" */ = {
			isa = XCConfigurationList;
			buildConfigurations = (
				8F6AF0002EDA61DA00B2C101 /* Debug */,
				8F6AF0012EDA61DA00B2C101 /* Release */,
			);
			defaultConfigurationIsVisible = 0;
			defaultConfigurationName = Release;
		};
/* End XCConfigurationList section */
	};
	rootObject = 8F6AEFC62EDA61D900B2C101 /* Project object */;
}
